github.com/adityatelange/hugo-PaperMod v0.0.0-20240511144135-3f50861a0ced h1:DAnseWFMs5t9jDCzUIm77l/qh1JyJolLN620X+LnR2o=
github.com/adityatelange/hugo-PaperMod v0.0.0-20240511144135-3f50861a0ced/go.mod h1:HCHxNMKYdGafUYjVV3ICiAqznZK2yH0iI53jqcDFDdQ=
github.com/brianreumere/plague v0.4.0 h1:PA6ZIrbsnx48UxO7O+A3Kchjow0V8Ezr04KDj5yF2Ek=
github.com/brianreumere/plague v0.4.0/go.mod h1:FjXJXbBLMg28mwVEVwSF+bLtEPI8RzHb/DMZ5BCSUBc=
